
Microsoft Visual Studio Solution File, Format Version 12.00
# Visual Studio Version 17
VisualStudioVersion = 17.14.36705.20 d17.14
MinimumVisualStudioVersion = 10.0.40219.1
Project("{FAE04EC0-301F-11D3-BF4B-00C04F79EFBC}") = "Portfolio", "Portfolio.csproj", "{BB364BBB-061E-41F0-9214-8879EF513DB0}"
EndProject
Global
	GlobalSection(SolutionConfigurationPlatforms) = preSolution
		Debug|Any CPU = Debug|Any CPU
		Release|Any CPU = Release|Any CPU
	EndGlobalSection
	GlobalSection(ProjectConfigurationPlatforms) = postSolution
		{BB364BBB-061E-41F0-9214-8879EF513DB0}.Debug|Any CPU.ActiveCfg = Debug|Any CPU
		{BB364BBB-061E-41F0-9214-8879EF513DB0}.Debug|Any CPU.Build.0 = Debug|Any CPU
		{BB364BBB-061E-41F0-9214-8879EF513DB0}.Release|Any CPU.ActiveCfg = Release|Any CPU
		{BB364BBB-061E-41F0-9214-8879EF513DB0}.Release|Any CPU.Build.0 = Release|Any CPU
	EndGlobalSection
	GlobalSection(SolutionProperties) = preSolution
		HideSolutionNode = FALSE
	EndGlobalSection
	GlobalSection(ExtensibilityGlobals) = postSolution
		SolutionGuid = {B76044DE-B53B-4893-A3D6-374935077F1B}
	EndGlobalSection
EndGlobal
