
Microsoft Visual Studio Solution File, Format Version 12.00
# Visual Studio Version 17
VisualStudioVersion = 17.14.36603.0 d17.14
MinimumVisualStudioVersion = 10.0.40219.1
Project("{FAE04EC0-301F-11D3-BF4B-00C04F79EFBC}") = "Portfolio", "Portfolio.csproj", "{3E1A710F-21EB-4245-8FDB-4EF85601A307}"
EndProject
Global
	GlobalSection(SolutionConfigurationPlatforms) = preSolution
		Debug|Any CPU = Debug|Any CPU
		Release|Any CPU = Release|Any CPU
	EndGlobalSection
	GlobalSection(ProjectConfigurationPlatforms) = postSolution
		{3E1A710F-21EB-4245-8FDB-4EF85601A307}.Debug|Any CPU.ActiveCfg = Debug|Any CPU
		{3E1A710F-21EB-4245-8FDB-4EF85601A307}.Debug|Any CPU.Build.0 = Debug|Any CPU
		{3E1A710F-21EB-4245-8FDB-4EF85601A307}.Release|Any CPU.ActiveCfg = Release|Any CPU
		{3E1A710F-21EB-4245-8FDB-4EF85601A307}.Release|Any CPU.Build.0 = Release|Any CPU
	EndGlobalSection
	GlobalSection(SolutionProperties) = preSolution
		HideSolutionNode = FALSE
	EndGlobalSection
	GlobalSection(ExtensibilityGlobals) = postSolution
		SolutionGuid = {D5987035-A9CB-4FFC-9A6C-23E2A9049FC8}
	EndGlobalSection
EndGlobal
